// !$*UTF8*$!
{
	archiveVersion = 1;
	classes = {
	};
	objectVersion = 77;
	objects = {

/* Begin PBXContainerItemProxy section */
		121F160B2D67247300816CAC /* PBXContainerItemProxy */ = {
			isa = PBXContainerItemProxy;
			containerPortal = 121F15EC2D67247100816CAC /* Project object */;
			proxyType = 1;
			remoteGlobalIDString = 121F15F32D67247100816CAC;
			remoteInfo = MemoryManagmentUIKit;
		};
		121F16152D67247300816CAC /* PBXContainerItemProxy */ = {
			isa = PBXContainerItemProxy;
			containerPortal = 121F15EC2D67247100816CAC /* Project object */;
			proxyType = 1;
			remoteGlobalIDString = 121F15F32D67247100816CAC;
			remoteInfo = MemoryManagmentUIKit;
		};
/* End PBXContainerItemProxy section */

/* Begin PBXFileReference section */
		121F15F42D67247100816CAC /* MemoryManagmentUIKit.app */ = {isa = PBXFileReference; explicitFileType = wrapper.application; includeInIndex = 0; path = MemoryManagmentUIKit.app; sourceTree = BUILT_PRODUCTS_DIR; };
		121F160A2D67247300816CAC /* MemoryManagmentUIKitTests.xctest */ = {isa = PBXFileReference; explicitFileType = wrapper.cfbundle; includeInIndex = 0; path = MemoryManagmentUIKitTests.xctest; sourceTree = BUILT_PRODUCTS_DIR; };
		121F16142D67247300816CAC /* MemoryManagmentUIKitUITests.xctest */ = {isa = PBXFileReference; explicitFileType = wrapper.cfbundle; includeInIndex = 0; path = MemoryManagmentUIKitUITests.xctest; sourceTree = BUILT_PRODUCTS_DIR; };
/* End PBXFileReference section */

/* Begin PBXFileSystemSynchronizedBuildFileExceptionSet section */
		121F169C2D672C0200816CAC /* Exceptions for "MemoryManagmentUIKit" folder in "MemoryManagmentUIKit" target */ = {
			isa = PBXFileSystemSynchronizedBuildFileExceptionSet;
			membershipExceptions = (
				Info.plist,
			);
			target = 121F15F32D67247100816CAC /* MemoryManagmentUIKit */;
		};
/* End PBXFileSystemSynchronizedBuildFileExceptionSet section */

/* Begin PBXFileSystemSynchronizedRootGroup section */
		121F160D2D67247300816CAC /* MemoryManagmentUIKitTests */ = {
			isa = PBXFileSystemSynchronizedRootGroup;
			path = MemoryManagmentUIKitTests;
			sourceTree = "<group>";
		};
		121F16172D67247300816CAC /* MemoryManagmentUIKitUITests */ = {
			isa = PBXFileSystemSynchronizedRootGroup;
			path = MemoryManagmentUIKitUITests;
			sourceTree = "<group>";
		};
		121F16922D672C0200816CAC /* MemoryManagmentUIKit */ = {
			isa = PBXFileSystemSynchronizedRootGroup;
			exceptions = (
				121F169C2D672C0200816CAC /* Exceptions for "MemoryManagmentUIKit" folder in "MemoryManagmentUIKit" target */,
			);
			path = MemoryManagmentUIKit;
			sourceTree = "<group>";
		};
/* End PBXFileSystemSynchronizedRootGroup section */

/* Begin PBXFrameworksBuildPhase section */
		121F15F12D67247100816CAC /* Frameworks */ = {
			isa = PBXFrameworksBuildPhase;
			buildActionMask = 2147483647;
			files = (
			);
			runOnlyForDeploymentPostprocessing = 0;
		};
		121F16072D67247300816CAC /* Frameworks */ = {
			isa = PBXFrameworksBuildPhase;
			buildActionMask = 2147483647;
			files = (
			);
			runOnlyForDeploymentPostprocessing = 0;
		};
		121F16112D67247300816CAC /* Frameworks */ = {
			isa = PBXFrameworksBuildPhase;
			buildActionMask = 2147483647;
			files = (
			);
			runOnlyForDeploymentPostprocessing = 0;
		};
/* End PBXFrameworksBuildPhase section */

/* Begin PBXGroup section */
		121F15EB2D67247100816CAC = {
			isa = PBXGroup;
			children = (
				121F16922D672C0200816CAC /* MemoryManagmentUIKit */,
				121F160D2D67247300816CAC /* MemoryManagmentUIKitTests */,
				121F16172D67247300816CAC /* MemoryManagmentUIKitUITests */,
				121F15F52D67247100816CAC /* Products */,
			);
			sourceTree = "<group>";
		};
		121F15F52D67247100816CAC /* Products */ = {
			isa = PBXGroup;
			children = (
				121F15F42D67247100816CAC /* MemoryManagmentUIKit.app */,
				121F160A2D67247300816CAC /* MemoryManagmentUIKitTests.xctest */,
				121F16142D67247300816CAC /* MemoryManagmentUIKitUITests.xctest */,
			);
			name = Products;
			sourceTree = "<group>";
		};
/* End PBXGroup section */

/* Begin PBXNativeTarget section */
		121F15F32D67247100816CAC /* MemoryManagmentUIKit */ = {
			isa = PBXNativeTarget;
			buildConfigurationList = 121F161D2D67247300816CAC /* Build configuration list for PBXNativeTarget "MemoryManagmentUIKit" */;
			buildPhases = (
				121F15F02D67247100816CAC /* Sources */,
				121F15F12D67247100816CAC /* Frameworks */,
				121F15F22D67247100816CAC /* Resources */,
			);
			buildRules = (
			);
			dependencies = (
			);
			fileSystemSynchronizedGroups = (
				121F16922D672C0200816CAC /* MemoryManagmentUIKit */,
			);
			name = MemoryManagmentUIKit;
			packageProductDependencies = (
			);
			productName = MemoryManagmentUIKit;
			productReference = 121F15F42D67247100816CAC /* MemoryManagmentUIKit.app */;
			productType = "com.apple.product-type.application";
		};
		121F16092D67247300816CAC /* MemoryManagmentUIKitTests */ = {
			isa = PBXNativeTarget;
			buildConfigurationList = 121F16222D67247300816CAC /* Build configuration list for PBXNativeTarget "MemoryManagmentUIKitTests" */;
			buildPhases = (
				121F16062D67247300816CAC /* Sources */,
				121F16072D67247300816CAC /* Frameworks */,
				121F16082D67247300816CAC /* Resources */,
			);
			buildRules = (
			);
			dependencies = (
				121F160C2D67247300816CAC /* PBXTargetDependency */,
			);
			fileSystemSynchronizedGroups = (
				121F160D2D67247300816CAC /* MemoryManagmentUIKitTests */,
			);
			name = MemoryManagmentUIKitTests;
			packageProductDependencies = (
			);
			productName = MemoryManagmentUIKitTests;
			productReference = 121F160A2D67247300816CAC /* MemoryManagmentUIKitTests.xctest */;
			productType = "com.apple.product-type.bundle.unit-test";
		};
		121F16132D67247300816CAC /* MemoryManagmentUIKitUITests */ = {
			isa = PBXNativeTarget;
			buildConfigurationList = 121F16252D67247300816CAC /* Build configuration list for PBXNativeTarget "MemoryManagmentUIKitUITests" */;
			buildPhases = (
				121F16102D67247300816CAC /* Sources */,
				121F16112D67247300816CAC /* Frameworks */,
				121F16122D67247300816CAC /* Resources */,
			);
			buildRules = (
			);
			dependencies = (
				121F16162D67247300816CAC /* PBXTargetDependency */,
			);
			fileSystemSynchronizedGroups = (
				121F16172D67247300816CAC /* MemoryManagmentUIKitUITests */,
			);
			name = MemoryManagmentUIKitUITests;
			packageProductDependencies = (
			);
			productName = MemoryManagmentUIKitUITests;
			productReference = 121F16142D67247300816CAC /* MemoryManagmentUIKitUITests.xctest */;
			productType = "com.apple.product-type.bundle.ui-testing";
		};
/* End PBXNativeTarget section */

/* Begin PBXProject section */
		121F15EC2D67247100816CAC /* Project object */ = {
			isa = PBXProject;
			attributes = {
				BuildIndependentTargetsInParallel = 1;
				LastSwiftUpdateCheck = 1620;
				LastUpgradeCheck = 1620;
				TargetAttributes = {
					121F15F32D67247100816CAC = {
						CreatedOnToolsVersion = 16.2;
					};
					121F16092D67247300816CAC = {
						CreatedOnToolsVersion = 16.2;
						TestTargetID = 121F15F32D67247100816CAC;
					};
					121F16132D67247300816CAC = {
						CreatedOnToolsVersion = 16.2;
						TestTargetID = 121F15F32D67247100816CAC;
					};
				};
			};
			buildConfigurationList = 121F15EF2D67247100816CAC /* Build configuration list for PBXProject "MemoryManagmentUIKit" */;
			developmentRegion = en;
			hasScannedForEncodings = 0;
			knownRegions = (
				en,
				Base,
			);
			mainGroup = 121F15EB2D67247100816CAC;
			minimizedProjectReferenceProxies = 1;
			preferredProjectObjectVersion = 77;
			productRefGroup = 121F15F52D67247100816CAC /* Products */;
			projectDirPath = "";
			projectRoot = "";
			targets = (
				121F15F32D67247100816CAC /* MemoryManagmentUIKit */,
				121F16092D67247300816CAC /* MemoryManagmentUIKitTests */,
				121F16132D67247300816CAC /* MemoryManagmentUIKitUITests */,
			);
		};
/* End PBXProject section */

/* Begin PBXResourcesBuildPhase section */
		121F15F22D67247100816CAC /* Resources */ = {
			isa = PBXResourcesBuildPhase;
			buildActionMask = 2147483647;
			files = (
			);
			runOnlyForDeploymentPostprocessing = 0;
		};
		121F16082D67247300816CAC /* Resources */ = {
			isa = PBXResourcesBuildPhase;
			buildActionMask = 2147483647;
			files = (
			);
			runOnlyForDeploymentPostprocessing = 0;
		};
		121F16122D67247300816CAC /* Resources */ = {
			isa = PBXResourcesBuildPhase;
			buildActionMask = 2147483647;
			files = (
			);
			runOnlyForDeploymentPostprocessing = 0;
		};
/* End PBXResourcesBuildPhase section */

/* Begin PBXSourcesBuildPhase section */
		121F15F02D67247100816CAC /* Sources */ = {
			isa = PBXSourcesBuildPhase;
			buildActionMask = 2147483647;
			files = (
			);
			runOnlyForDeploymentPostprocessing = 0;
		};
		121F16062D67247300816CAC /* Sources */ = {
			isa = PBXSourcesBuildPhase;
			buildActionMask = 2147483647;
			files = (
			);
			runOnlyForDeploymentPostprocessing = 0;
		};
		121F16102D67247300816CAC /* Sources */ = {
			isa = PBXSourcesBuildPhase;
			buildActionMask = 2147483647;
			files = (
			);
			runOnlyForDeploymentPostprocessing = 0;
		};
/* End PBXSourcesBuildPhase section */

/* Begin PBXTargetDependency section */
		121F160C2D67247300816CAC /* PBXTargetDependency */ = {
			isa = PBXTargetDependency;
			target = 121F15F32D67247100816CAC /* MemoryManagmentUIKit */;
			targetProxy = 121F160B2D67247300816CAC /* PBXContainerItemProxy */;
		};
		121F16162D67247300816CAC /* PBXTargetDependency */ = {
			isa = PBXTargetDependency;
			target = 121F15F32D67247100816CAC /* MemoryManagmentUIKit */;
			targetProxy = 121F16152D67247300816CAC /* PBXContainerItemProxy */;
		};
/* End PBXTargetDependency section */

/* Begin XCBuildConfiguration section */
		121F161E2D67247300816CAC /* Debug */ = {
			isa = XCBuildConfiguration;
			buildSettings = {
				ASSETCATALOG_COMPILER_APPICON_NAME = AppIcon;
				ASSETCATALOG_COMPILER_GLOBAL_ACCENT_COLOR_NAME = AccentColor;
				CODE_SIGN_STYLE = Automatic;
				CURRENT_PROJECT_VERSION = 1;
				DEVELOPMENT_TEAM = 3383BZV24G;
				GENERATE_INFOPLIST_FILE = YES;
				INFOPLIST_FILE = MemoryManagmentUIKit/Info.plist;
				INFOPLIST_KEY_UIApplicationSupportsIndirectInputEvents = YES;
				INFOPLIST_KEY_UILaunchStoryboardName = LaunchScreen;
				INFOPLIST_KEY_UIMainStoryboardFile = Main;
				INFOPLIST_KEY_UISupportedInterfaceOrientations_iPad = "UIInterfaceOrientationPortrait UIInterfaceOrientationPortraitUpsideDown UIInterfaceOrientationLandscapeLeft UIInterfaceOrientationLandscapeRight";
				INFOPLIST_KEY_UISupportedInterfaceOrientations_iPhone = "UIInterfaceOrientationPortrait UIInterfaceOrientationLandscapeLeft UIInterfaceOrientationLandscapeRight";
				LD_RUNPATH_SEARCH_PATHS = (
					"$(inherited)",
					"@executable_path/Frameworks",
				);
				MARKETING_VERSION = 1.0;
				PRODUCT_BUNDLE_IDENTIFIER = com.alibaisholanov.MemoryManagmentUIKit;
				PRODUCT_NAME = "$(TARGET_NAME)";
				SWIFT_EMIT_LOC_STRINGS = YES;
				SWIFT_VERSION = 5.0;
				TARGETED_DEVICE_FAMILY = "1,2";
			};
			name = Debug;
		};
		121F161F2D67247300816CAC /* Release */ = {
			isa = XCBuildConfiguration;
			buildSettings = {
				ASSETCATALOG_COMPILER_APPICON_NAME = AppIcon;
				ASSETCATALOG_COMPILER_GLOBAL_ACCENT_COLOR_NAME = AccentColor;
				CODE_SIGN_STYLE = Automatic;
				CURRENT_PROJECT_VERSION = 1;
				DEVELOPMENT_TEAM = 3383BZV24G;
				GENERATE_INFOPLIST_FILE = YES;
				INFOPLIST_FILE = MemoryManagmentUIKit/Info.plist;
				INFOPLIST_KEY_UIApplicationSupportsIndirectInputEvents = YES;
				INFOPLIST_KEY_UILaunchStoryboardName = LaunchScreen;
				INFOPLIST_KEY_UIMainStoryboardFile = Main;
				INFOPLIST_KEY_UISupportedInterfaceOrientations_iPad = "UIInterfaceOrientationPortrait UIInterfaceOrientationPortraitUpsideDown UIInterfaceOrientationLandscapeLeft UIInterfaceOrientationLandscapeRight";
				INFOPLIST_KEY_UISupportedInterfaceOrientations_iPhone = "UIInterfaceOrientationPortrait UIInterfaceOrientationLandscapeLeft UIInterfaceOrientationLandscapeRight";
				LD_RUNPATH_SEARCH_PATHS = (
					"$(inherited)",
					"@executable_path/Frameworks",
				);
				MARKETING_VERSION = 1.0;
				PRODUCT_BUNDLE_IDENTIFIER = com.alibaisholanov.MemoryManagmentUIKit;
				PRODUCT_NAME = "$(TARGET_NAME)";
				SWIFT_EMIT_LOC_STRINGS = YES;
				SWIFT_VERSION = 5.0;
				TARGETED_DEVICE_FAMILY = "1,2";
			};
			name = Release;
		};
		121F16202D67247300816CAC /* Debug */ = {
			isa = XCBuildConfiguration;
			buildSettings = {
				ALWAYS_SEARCH_USER_PATHS = NO;
				ASSETCATALOG_COMPILER_GENERATE_SWIFT_ASSET_SYMBOL_EXTENSIONS = YES;
				CLANG_ANALYZER_NONNULL = YES;
				CLANG_ANALYZER_NUMBER_OBJECT_CONVERSION = YES_AGGRESSIVE;
				CLANG_CXX_LANGUAGE_STANDARD = "gnu++20";
				CLANG_ENABLE_MODULES = YES;
				CLANG_ENABLE_OBJC_ARC = YES;
				CLANG_ENABLE_OBJC_WEAK = YES;
				CLANG_WARN_BLOCK_CAPTURE_AUTORELEASING = YES;
				CLANG_WARN_BOOL_CONVERSION = YES;
				CLANG_WARN_COMMA = YES;
				CLANG_WARN_CONSTANT_CONVERSION = YES;
				CLANG_WARN_DEPRECATED_OBJC_IMPLEMENTATIONS = YES;
				CLANG_WARN_DIRECT_OBJC_ISA_USAGE = YES_ERROR;
				CLANG_WARN_DOCUMENTATION_COMMENTS = YES;
				CLANG_WARN_EMPTY_BODY = YES;
				CLANG_WARN_ENUM_CONVERSION = YES;
				CLANG_WARN_INFINITE_RECURSION = YES;
				CLANG_WARN_INT_CONVERSION = YES;
				CLANG_WARN_NON_LITERAL_NULL_CONVERSION = YES;
				CLANG_WARN_OBJC_IMPLICIT_RETAIN_SELF = YES;
				CLANG_WARN_OBJC_LITERAL_CONVERSION = YES;
				CLANG_WARN_OBJC_ROOT_CLASS = YES_ERROR;
				CLANG_WARN_QUOTED_INCLUDE_IN_FRAMEWORK_HEADER = YES;
				CLANG_WARN_RANGE_LOOP_ANALYSIS = YES;
				CLANG_WARN_STRICT_PROTOTYPES = YES;
				CLANG_WARN_SUSPICIOUS_MOVE = YES;
				CLANG_WARN_UNGUARDED_AVAILABILITY = YES_AGGRESSIVE;
				CLANG_WARN_UNREACHABLE_CODE = YES;
				CLANG_WARN__DUPLICATE_METHOD_MATCH = YES;
				COPY_PHASE_STRIP = NO;
				DEBUG_INFORMATION_FORMAT = dwarf;
				ENABLE_STRICT_OBJC_MSGSEND = YES;
				ENABLE_TESTABILITY = YES;
				ENABLE_USER_SCRIPT_SANDBOXING = YES;
				GCC_C_LANGUAGE_STANDARD = gnu17;
				GCC_DYNAMIC_NO_PIC = NO;
				GCC_NO_COMMON_BLOCKS = YES;
				GCC_OPTIMIZATION_LEVEL = 0;
				GCC_PREPROCESSOR_DEFINITIONS = (
					"DEBUG=1",
					"$(inherited)",
				);
				GCC_WARN_64_TO_32_BIT_CONVERSION = YES;
				GCC_WARN_ABOUT_RETURN_TYPE = YES_ERROR;
				GCC_WARN_UNDECLARED_SELECTOR = YES;
				GCC_WARN_UNINITIALIZED_AUTOS = YES_AGGRESSIVE;
				GCC_WARN_UNUSED_FUNCTION = YES;
				GCC_WARN_UNUSED_VARIABLE = YES;
				IPHONEOS_DEPLOYMENT_TARGET = 18.2;
				LOCALIZATION_PREFERS_STRING_CATALOGS = YES;
				MTL_ENABLE_DEBUG_INFO = INCLUDE_SOURCE;
				MTL_FAST_MATH = YES;
				ONLY_ACTIVE_ARCH = YES;
				SDKROOT = iphoneos;
				SWIFT_ACTIVE_COMPILATION_CONDITIONS = "DEBUG $(inherited)";
				SWIFT_OPTIMIZATION_LEVEL = "-Onone";
			};
			name = Debug;
		};
		121F16212D67247300816CAC /* Release */ = {
			isa = XCBuildConfiguration;
			buildSettings = {
				ALWAYS_SEARCH_USER_PATHS = NO;
				ASSETCATALOG_COMPILER_GENERATE_SWIFT_ASSET_SYMBOL_EXTENSIONS = YES;
				CLANG_ANALYZER_NONNULL = YES;
				CLANG_ANALYZER_NUMBER_OBJECT_CONVERSION = YES_AGGRESSIVE;
				CLANG_CXX_LANGUAGE_STANDARD = "gnu++20";
				CLANG_ENABLE_MODULES = YES;
				CLANG_ENABLE_OBJC_ARC = YES;
				CLANG_ENABLE_OBJC_WEAK = YES;
				CLANG_WARN_BLOCK_CAPTURE_AUTORELEASING = YES;
				CLANG_WARN_BOOL_CONVERSION = YES;
				CLANG_WARN_COMMA = YES;
				CLANG_WARN_CONSTANT_CONVERSION = YES;
				CLANG_WARN_DEPRECATED_OBJC_IMPLEMENTATIONS = YES;
				CLANG_WARN_DIRECT_OBJC_ISA_USAGE = YES_ERROR;
				CLANG_WARN_DOCUMENTATION_COMMENTS = YES;
				CLANG_WARN_EMPTY_BODY = YES;
				CLANG_WARN_ENUM_CONVERSION = YES;
				CLANG_WARN_INFINITE_RECURSION = YES;
				CLANG_WARN_INT_CONVERSION = YES;
				CLANG_WARN_NON_LITERAL_NULL_CONVERSION = YES;
				CLANG_WARN_OBJC_IMPLICIT_RETAIN_SELF = YES;
				CLANG_WARN_OBJC_LITERAL_CONVERSION = YES;
				CLANG_WARN_OBJC_ROOT_CLASS = YES_ERROR;
				CLANG_WARN_QUOTED_INCLUDE_IN_FRAMEWORK_HEADER = YES;
				CLANG_WARN_RANGE_LOOP_ANALYSIS = YES;
				CLANG_WARN_STRICT_PROTOTYPES = YES;
				CLANG_WARN_SUSPICIOUS_MOVE = YES;
				CLANG_WARN_UNGUARDED_AVAILABILITY = YES_AGGRESSIVE;
				CLANG_WARN_UNREACHABLE_CODE = YES;
				CLANG_WARN__DUPLICATE_METHOD_MATCH = YES;
				COPY_PHASE_STRIP = NO;
				DEBUG_INFORMATION_FORMAT = "dwarf-with-dsym";
				ENABLE_NS_ASSERTIONS = NO;
				ENABLE_STRICT_OBJC_MSGSEND = YES;
				ENABLE_USER_SCRIPT_SANDBOXING = YES;
				GCC_C_LANGUAGE_STANDARD = gnu17;
				GCC_NO_COMMON_BLOCKS = YES;
				GCC_WARN_64_TO_32_BIT_CONVERSION = YES;
				GCC_WARN_ABOUT_RETURN_TYPE = YES_ERROR;
				GCC_WARN_UNDECLARED_SELECTOR = YES;
				GCC_WARN_UNINITIALIZED_AUTOS = YES_AGGRESSIVE;
				GCC_WARN_UNUSED_FUNCTION = YES;
				GCC_WARN_UNUSED_VARIABLE = YES;
				IPHONEOS_DEPLOYMENT_TARGET = 18.2;
				LOCALIZATION_PREFERS_STRING_CATALOGS = YES;
				MTL_ENABLE_DEBUG_INFO = NO;
				MTL_FAST_MATH = YES;
				SDKROOT = iphoneos;
				SWIFT_COMPILATION_MODE = wholemodule;
				VALIDATE_PRODUCT = YES;
			};
			name = Release;
		};
		121F16232D67247300816CAC /* Debug */ = {
			isa = XCBuildConfiguration;
			buildSettings = {
				BUNDLE_LOADER = "$(TEST_HOST)";
				CODE_SIGN_STYLE = Automatic;
				CURRENT_PROJECT_VERSION = 1;
				DEVELOPMENT_TEAM = 3383BZV24G;
				GENERATE_INFOPLIST_FILE = YES;
				IPHONEOS_DEPLOYMENT_TARGET = 18.2;
				MARKETING_VERSION = 1.0;
				PRODUCT_BUNDLE_IDENTIFIER = com.alibaisholanov.MemoryManagmentUIKitTests;
				PRODUCT_NAME = "$(TARGET_NAME)";
				SWIFT_EMIT_LOC_STRINGS = NO;
				SWIFT_VERSION = 5.0;
				TARGETED_DEVICE_FAMILY = "1,2";
				TEST_HOST = "$(BUILT_PRODUCTS_DIR)/MemoryManagmentUIKit.app/$(BUNDLE_EXECUTABLE_FOLDER_PATH)/MemoryManagmentUIKit";
			};
			name = Debug;
		};
		121F16242D67247300816CAC /* Release */ = {
			isa = XCBuildConfiguration;
			buildSettings = {
				BUNDLE_LOADER = "$(TEST_HOST)";
				CODE_SIGN_STYLE = Automatic;
				CURRENT_PROJECT_VERSION = 1;
				DEVELOPMENT_TEAM = 3383BZV24G;
				GENERATE_INFOPLIST_FILE = YES;
				IPHONEOS_DEPLOYMENT_TARGET = 18.2;
				MARKETING_VERSION = 1.0;
				PRODUCT_BUNDLE_IDENTIFIER = com.alibaisholanov.MemoryManagmentUIKitTests;
				PRODUCT_NAME = "$(TARGET_NAME)";
				SWIFT_EMIT_LOC_STRINGS = NO;
				SWIFT_VERSION = 5.0;
				TARGETED_DEVICE_FAMILY = "1,2";
				TEST_HOST = "$(BUILT_PRODUCTS_DIR)/MemoryManagmentUIKit.app/$(BUNDLE_EXECUTABLE_FOLDER_PATH)/MemoryManagmentUIKit";
			};
			name = Release;
		};
		121F16262D67247300816CAC /* Debug */ = {
			isa = XCBuildConfiguration;
			buildSettings = {
				CODE_SIGN_STYLE = Automatic;
				CURRENT_PROJECT_VERSION = 1;
				DEVELOPMENT_TEAM = 3383BZV24G;
				GENERATE_INFOPLIST_FILE = YES;
				MARKETING_VERSION = 1.0;
				PRODUCT_BUNDLE_IDENTIFIER = com.alibaisholanov.MemoryManagmentUIKitUITests;
				PRODUCT_NAME = "$(TARGET_NAME)";
				SWIFT_EMIT_LOC_STRINGS = NO;
				SWIFT_VERSION = 5.0;
				TARGETED_DEVICE_FAMILY = "1,2";
				TEST_TARGET_NAME = MemoryManagmentUIKit;
			};
			name = Debug;
		};
		121F16272D67247300816CAC /* Release */ = {
			isa = XCBuildConfiguration;
			buildSettings = {
				CODE_SIGN_STYLE = Automatic;
				CURRENT_PROJECT_VERSION = 1;
				DEVELOPMENT_TEAM = 3383BZV24G;
				GENERATE_INFOPLIST_FILE = YES;
				MARKETING_VERSION = 1.0;
				PRODUCT_BUNDLE_IDENTIFIER = com.alibaisholanov.MemoryManagmentUIKitUITests;
				PRODUCT_NAME = "$(TARGET_NAME)";
				SWIFT_EMIT_LOC_STRINGS = NO;
				SWIFT_VERSION = 5.0;
				TARGETED_DEVICE_FAMILY = "1,2";
				TEST_TARGET_NAME = MemoryManagmentUIKit;
			};
			name = Release;
		};
/* End XCBuildConfiguration section */

/* Begin XCConfigurationList section */
		121F15EF2D67247100816CAC /* Build configuration list for PBXProject "MemoryManagmentUIKit" */ = {
			isa = XCConfigurationList;
			buildConfigurations = (
				121F16202D67247300816CAC /* Debug */,
				121F16212D67247300816CAC /* Release */,
			);
			defaultConfigurationIsVisible = 0;
			defaultConfigurationName = Release;
		};
		121F161D2D67247300816CAC /* Build configuration list for PBXNativeTarget "MemoryManagmentUIKit" */ = {
			isa = XCConfigurationList;
			buildConfigurations = (
				121F161E2D67247300816CAC /* Debug */,
				121F161F2D67247300816CAC /* Release */,
			);
			defaultConfigurationIsVisible = 0;
			defaultConfigurationName = Release;
		};
		121F16222D67247300816CAC /* Build configuration list for PBXNativeTarget "MemoryManagmentUIKitTests" */ = {
			isa = XCConfigurationList;
			buildConfigurations = (
				121F16232D67247300816CAC /* Debug */,
				121F16242D67247300816CAC /* Release */,
			);
			defaultConfigurationIsVisible = 0;
			defaultConfigurationName = Release;
		};
		121F16252D67247300816CAC /* Build configuration list for PBXNativeTarget "MemoryManagmentUIKitUITests" */ = {
			isa = XCConfigurationList;
			buildConfigurations = (
				121F16262D67247300816CAC /* Debug */,
				121F16272D67247300816CAC /* Release */,
			);
			defaultConfigurationIsVisible = 0;
			defaultConfigurationName = Release;
		};
/* End XCConfigurationList section */
	};
	rootObject = 121F15EC2D67247100816CAC /* Project object */;
}
